
Microsoft Visual Studio Solution File, Format Version 12.00
# Visual Studio 15
VisualStudioVersion = 15.0.26430.16
MinimumVisualStudioVersion = 10.0.40219.1
Project("{262852C6-CD72-467D-83FE-5EEB1973A190}") = "todo_test", "todo_test\todo_test.jsproj", "{527D3A15-81C8-4C89-B6AA-43BE3BC13D8E}"
EndProject
Project("{262852C6-CD72-467D-83FE-5EEB1973A190}") = "todo", "todo\todo.jsproj", "{EB8797C6-FFD8-4BB3-ABBA-0A2B908DE5F3}"
EndProject
Global
	GlobalSection(SolutionConfigurationPlatforms) = preSolution
		Debug|Android = Debug|Android
		Debug|iOS = Debug|iOS
		Debug|Windows-ARM = Debug|Windows-ARM
		Debug|Windows-x64 = Debug|Windows-x64
		Debug|Windows-x86 = Debug|Windows-x86
		Release|Android = Release|Android
		Release|iOS = Release|iOS
		Release|Windows-ARM = Release|Windows-ARM
		Release|Windows-x64 = Release|Windows-x64
		Release|Windows-x86 = Release|Windows-x86
	EndGlobalSection
	GlobalSection(ProjectConfigurationPlatforms) = postSolution
		{527D3A15-81C8-4C89-B6AA-43BE3BC13D8E}.Debug|Android.ActiveCfg = Debug|Android
		{527D3A15-81C8-4C89-B6AA-43BE3BC13D8E}.Debug|Android.Build.0 = Debug|Android
		{527D3A15-81C8-4C89-B6AA-43BE3BC13D8E}.Debug|Android.Deploy.0 = Debug|Android
		{527D3A15-81C8-4C89-B6AA-43BE3BC13D8E}.Debug|iOS.ActiveCfg = Debug|iOS
		{527D3A15-81C8-4C89-B6AA-43BE3BC13D8E}.Debug|iOS.Build.0 = Debug|iOS
		{527D3A15-81C8-4C89-B6AA-43BE3BC13D8E}.Debug|iOS.Deploy.0 = Debug|iOS
		{527D3A15-81C8-4C89-B6AA-43BE3BC13D8E}.Debug|Windows-ARM.ActiveCfg = Debug|Windows-ARM
		{527D3A15-81C8-4C89-B6AA-43BE3BC13D8E}.Debug|Windows-ARM.Build.0 = Debug|Windows-ARM
		{527D3A15-81C8-4C89-B6AA-43BE3BC13D8E}.Debug|Windows-ARM.Deploy.0 = Debug|Windows-ARM
		{527D3A15-81C8-4C89-B6AA-43BE3BC13D8E}.Debug|Windows-x64.ActiveCfg = Debug|Windows-x64
		{527D3A15-81C8-4C89-B6AA-43BE3BC13D8E}.Debug|Windows-x64.Build.0 = Debug|Windows-x64
		{527D3A15-81C8-4C89-B6AA-43BE3BC13D8E}.Debug|Windows-x64.Deploy.0 = Debug|Windows-x64
		{527D3A15-81C8-4C89-B6AA-43BE3BC13D8E}.Debug|Windows-x86.ActiveCfg = Debug|Windows-x86
		{527D3A15-81C8-4C89-B6AA-43BE3BC13D8E}.Debug|Windows-x86.Build.0 = Debug|Windows-x86
		{527D3A15-81C8-4C89-B6AA-43BE3BC13D8E}.Debug|Windows-x86.Deploy.0 = Debug|Windows-x86
		{527D3A15-81C8-4C89-B6AA-43BE3BC13D8E}.Release|Android.ActiveCfg = Release|Android
		{527D3A15-81C8-4C89-B6AA-43BE3BC13D8E}.Release|Android.Build.0 = Release|Android
		{527D3A15-81C8-4C89-B6AA-43BE3BC13D8E}.Release|Android.Deploy.0 = Release|Android
		{527D3A15-81C8-4C89-B6AA-43BE3BC13D8E}.Release|iOS.ActiveCfg = Release|iOS
		{527D3A15-81C8-4C89-B6AA-43BE3BC13D8E}.Release|iOS.Build.0 = Release|iOS
		{527D3A15-81C8-4C89-B6AA-43BE3BC13D8E}.Release|iOS.Deploy.0 = Release|iOS
		{527D3A15-81C8-4C89-B6AA-43BE3BC13D8E}.Release|Windows-ARM.ActiveCfg = Release|Windows-ARM
		{527D3A15-81C8-4C89-B6AA-43BE3BC13D8E}.Release|Windows-ARM.Build.0 = Release|Windows-ARM
		{527D3A15-81C8-4C89-B6AA-43BE3BC13D8E}.Release|Windows-ARM.Deploy.0 = Release|Windows-ARM
		{527D3A15-81C8-4C89-B6AA-43BE3BC13D8E}.Release|Windows-x64.ActiveCfg = Release|Windows-x64
		{527D3A15-81C8-4C89-B6AA-43BE3BC13D8E}.Release|Windows-x64.Build.0 = Release|Windows-x64
		{527D3A15-81C8-4C89-B6AA-43BE3BC13D8E}.Release|Windows-x64.Deploy.0 = Release|Windows-x64
		{527D3A15-81C8-4C89-B6AA-43BE3BC13D8E}.Release|Windows-x86.ActiveCfg = Release|Windows-x86
		{527D3A15-81C8-4C89-B6AA-43BE3BC13D8E}.Release|Windows-x86.Build.0 = Release|Windows-x86
		{527D3A15-81C8-4C89-B6AA-43BE3BC13D8E}.Release|Windows-x86.Deploy.0 = Release|Windows-x86
		{EB8797C6-FFD8-4BB3-ABBA-0A2B908DE5F3}.Debug|Android.ActiveCfg = Debug|Android
		{EB8797C6-FFD8-4BB3-ABBA-0A2B908DE5F3}.Debug|Android.Build.0 = Debug|Android
		{EB8797C6-FFD8-4BB3-ABBA-0A2B908DE5F3}.Debug|Android.Deploy.0 = Debug|Android
		{EB8797C6-FFD8-4BB3-ABBA-0A2B908DE5F3}.Debug|iOS.ActiveCfg = Debug|iOS
		{EB8797C6-FFD8-4BB3-ABBA-0A2B908DE5F3}.Debug|iOS.Build.0 = Debug|iOS
		{EB8797C6-FFD8-4BB3-ABBA-0A2B908DE5F3}.Debug|iOS.Deploy.0 = Debug|iOS
		{EB8797C6-FFD8-4BB3-ABBA-0A2B908DE5F3}.Debug|Windows-ARM.ActiveCfg = Debug|Windows-ARM
		{EB8797C6-FFD8-4BB3-ABBA-0A2B908DE5F3}.Debug|Windows-ARM.Build.0 = Debug|Windows-ARM
		{EB8797C6-FFD8-4BB3-ABBA-0A2B908DE5F3}.Debug|Windows-ARM.Deploy.0 = Debug|Windows-ARM
		{EB8797C6-FFD8-4BB3-ABBA-0A2B908DE5F3}.Debug|Windows-x64.ActiveCfg = Debug|Windows-x64
		{EB8797C6-FFD8-4BB3-ABBA-0A2B908DE5F3}.Debug|Windows-x64.Build.0 = Debug|Windows-x64
		{EB8797C6-FFD8-4BB3-ABBA-0A2B908DE5F3}.Debug|Windows-x64.Deploy.0 = Debug|Windows-x64
		{EB8797C6-FFD8-4BB3-ABBA-0A2B908DE5F3}.Debug|Windows-x86.ActiveCfg = Debug|Windows-x86
		{EB8797C6-FFD8-4BB3-ABBA-0A2B908DE5F3}.Debug|Windows-x86.Build.0 = Debug|Windows-x86
		{EB8797C6-FFD8-4BB3-ABBA-0A2B908DE5F3}.Debug|Windows-x86.Deploy.0 = Debug|Windows-x86
		{EB8797C6-FFD8-4BB3-ABBA-0A2B908DE5F3}.Release|Android.ActiveCfg = Release|Android
		{EB8797C6-FFD8-4BB3-ABBA-0A2B908DE5F3}.Release|Android.Build.0 = Release|Android
		{EB8797C6-FFD8-4BB3-ABBA-0A2B908DE5F3}.Release|Android.Deploy.0 = Release|Android
		{EB8797C6-FFD8-4BB3-ABBA-0A2B908DE5F3}.Release|iOS.ActiveCfg = Release|iOS
		{EB8797C6-FFD8-4BB3-ABBA-0A2B908DE5F3}.Release|iOS.Build.0 = Release|iOS
		{EB8797C6-FFD8-4BB3-ABBA-0A2B908DE5F3}.Release|iOS.Deploy.0 = Release|iOS
		{EB8797C6-FFD8-4BB3-ABBA-0A2B908DE5F3}.Release|Windows-ARM.ActiveCfg = Release|Windows-ARM
		{EB8797C6-FFD8-4BB3-ABBA-0A2B908DE5F3}.Release|Windows-ARM.Build.0 = Release|Windows-ARM
		{EB8797C6-FFD8-4BB3-ABBA-0A2B908DE5F3}.Release|Windows-ARM.Deploy.0 = Release|Windows-ARM
		{EB8797C6-FFD8-4BB3-ABBA-0A2B908DE5F3}.Release|Windows-x64.ActiveCfg = Release|Windows-x64
		{EB8797C6-FFD8-4BB3-ABBA-0A2B908DE5F3}.Release|Windows-x64.Build.0 = Release|Windows-x64
		{EB8797C6-FFD8-4BB3-ABBA-0A2B908DE5F3}.Release|Windows-x64.Deploy.0 = Release|Windows-x64
		{EB8797C6-FFD8-4BB3-ABBA-0A2B908DE5F3}.Release|Windows-x86.ActiveCfg = Release|Windows-x86
		{EB8797C6-FFD8-4BB3-ABBA-0A2B908DE5F3}.Release|Windows-x86.Build.0 = Release|Windows-x86
		{EB8797C6-FFD8-4BB3-ABBA-0A2B908DE5F3}.Release|Windows-x86.Deploy.0 = Release|Windows-x86
	EndGlobalSection
	GlobalSection(SolutionProperties) = preSolution
		HideSolutionNode = FALSE
	EndGlobalSection
EndGlobal
